
Microsoft Visual Studio Solution File, Format Version 12.00
# Visual Studio Version 17
VisualStudioVersion = 17.3.32929.385
MinimumVisualStudioVersion = 10.0.40219.1
Project("{FAE04EC0-301F-11D3-BF4B-00C04F79EFBC}") = "APIMysql", "APIMysql.csproj", "{78C64521-8A82-4C43-96A5-8E6834E83EE6}"
EndProject
Global
	GlobalSection(SolutionConfigurationPlatforms) = preSolution
		Debug|Any CPU = Debug|Any CPU
		Release|Any CPU = Release|Any CPU
	EndGlobalSection
	GlobalSection(ProjectConfigurationPlatforms) = postSolution
		{78C64521-8A82-4C43-96A5-8E6834E83EE6}.Debug|Any CPU.ActiveCfg = Debug|Any CPU
		{78C64521-8A82-4C43-96A5-8E6834E83EE6}.Debug|Any CPU.Build.0 = Debug|Any CPU
		{78C64521-8A82-4C43-96A5-8E6834E83EE6}.Release|Any CPU.ActiveCfg = Release|Any CPU
		{78C64521-8A82-4C43-96A5-8E6834E83EE6}.Release|Any CPU.Build.0 = Release|Any CPU
	EndGlobalSection
	GlobalSection(SolutionProperties) = preSolution
		HideSolutionNode = FALSE
	EndGlobalSection
	GlobalSection(ExtensibilityGlobals) = postSolution
		SolutionGuid = {29785F11-56C4-4A5E-B5A7-06CF0FC0CE6F}
	EndGlobalSection
EndGlobal
